// !$*UTF8*$!
{
	archiveVersion = 1;
	classes = {
	};
	objectVersion = 56;
	objects = {

/* Begin PBXBuildFile section */
		09748E5329C242E6003FA7A1 /* NotifyApp.swift in Sources */ = {isa = PBXBuildFile; fileRef = 09748E5229C242E6003FA7A1 /* NotifyApp.swift */; };
		09748E5529C242E6003FA7A1 /* ContentView.swift in Sources */ = {isa = PBXBuildFile; fileRef = 09748E5429C242E6003FA7A1 /* ContentView.swift */; };
		09748E5729C242E7003FA7A1 /* Assets.xcassets in Resources */ = {isa = PBXBuildFile; fileRef = 09748E5629C242E7003FA7A1 /* Assets.xcassets */; };
		09748E5A29C242E7003FA7A1 /* Preview Assets.xcassets in Resources */ = {isa = PBXBuildFile; fileRef = 09748E5929C242E7003FA7A1 /* Preview Assets.xcassets */; };
		09748E6329C25BBD003FA7A1 /* SignUpView.swift in Sources */ = {isa = PBXBuildFile; fileRef = 09748E6229C25BBD003FA7A1 /* SignUpView.swift */; };
		09748E6829C320D0003FA7A1 /* FirebaseAnalytics in Frameworks */ = {isa = PBXBuildFile; productRef = 09748E6729C320D0003FA7A1 /* FirebaseAnalytics */; };
		09748E6A29C320D0003FA7A1 /* FirebaseAuth in Frameworks */ = {isa = PBXBuildFile; productRef = 09748E6929C320D0003FA7A1 /* FirebaseAuth */; };
		09748E6C29C320D0003FA7A1 /* FirebaseFirestore in Frameworks */ = {isa = PBXBuildFile; productRef = 09748E6B29C320D0003FA7A1 /* FirebaseFirestore */; };
		09748E6E29C320D0003FA7A1 /* FirebaseStorage in Frameworks */ = {isa = PBXBuildFile; productRef = 09748E6D29C320D0003FA7A1 /* FirebaseStorage */; };
		09748E7029C327B0003FA7A1 /* AuthViewModel.swift in Sources */ = {isa = PBXBuildFile; fileRef = 09748E6F29C327B0003FA7A1 /* AuthViewModel.swift */; };
		09748E7229C45A55003FA7A1 /* HomeView.swift in Sources */ = {isa = PBXBuildFile; fileRef = 09748E7129C45A55003FA7A1 /* HomeView.swift */; };
		09748E7429C46CC6003FA7A1 /* SharedNotesView.swift in Sources */ = {isa = PBXBuildFile; fileRef = 09748E7329C46CC6003FA7A1 /* SharedNotesView.swift */; };
		09748E7629C46CD7003FA7A1 /* PrivateNotesView.swift in Sources */ = {isa = PBXBuildFile; fileRef = 09748E7529C46CD7003FA7A1 /* PrivateNotesView.swift */; };
		09748E7B29C46D98003FA7A1 /* NotesViewModel.swift in Sources */ = {isa = PBXBuildFile; fileRef = 09748E7A29C46D98003FA7A1 /* NotesViewModel.swift */; };
		0994264D29C4A807007696F3 /* NoteView.swift in Sources */ = {isa = PBXBuildFile; fileRef = 0994264C29C4A807007696F3 /* NoteView.swift */; };
		0994264F29C4B161007696F3 /* SignInView.swift in Sources */ = {isa = PBXBuildFile; fileRef = 0994264E29C4B161007696F3 /* SignInView.swift */; };
		0994265529C4B755007696F3 /* NotesModel.swift in Sources */ = {isa = PBXBuildFile; fileRef = 0994265429C4B755007696F3 /* NotesModel.swift */; };
		0994265829C4BA30007696F3 /* UserModel.swift in Sources */ = {isa = PBXBuildFile; fileRef = 0994265729C4BA30007696F3 /* UserModel.swift */; };
		0994265B29C51AC1007696F3 /* GoogleService-Info.plist in Resources */ = {isa = PBXBuildFile; fileRef = 0994265A29C51AC1007696F3 /* GoogleService-Info.plist */; };
		0994265D29C51BD2007696F3 /* AddNoteView.swift in Sources */ = {isa = PBXBuildFile; fileRef = 0994265C29C51BD2007696F3 /* AddNoteView.swift */; };
/* End PBXBuildFile section */

/* Begin PBXFileReference section */
		09748E4F29C242E6003FA7A1 /* Notify.app */ = {isa = PBXFileReference; explicitFileType = wrapper.application; includeInIndex = 0; path = Notify.app; sourceTree = BUILT_PRODUCTS_DIR; };
		09748E5229C242E6003FA7A1 /* NotifyApp.swift */ = {isa = PBXFileReference; lastKnownFileType = sourcecode.swift; path = NotifyApp.swift; sourceTree = "<group>"; };
		09748E5429C242E6003FA7A1 /* ContentView.swift */ = {isa = PBXFileReference; lastKnownFileType = sourcecode.swift; path = ContentView.swift; sourceTree = "<group>"; };
		09748E5629C242E7003FA7A1 /* Assets.xcassets */ = {isa = PBXFileReference; lastKnownFileType = folder.assetcatalog; path = Assets.xcassets; sourceTree = "<group>"; };
		09748E5929C242E7003FA7A1 /* Preview Assets.xcassets */ = {isa = PBXFileReference; lastKnownFileType = folder.assetcatalog; path = "Preview Assets.xcassets"; sourceTree = "<group>"; };
		09748E6229C25BBD003FA7A1 /* SignUpView.swift */ = {isa = PBXFileReference; lastKnownFileType = sourcecode.swift; path = SignUpView.swift; sourceTree = "<group>"; };
		09748E6F29C327B0003FA7A1 /* AuthViewModel.swift */ = {isa = PBXFileReference; lastKnownFileType = sourcecode.swift; path = AuthViewModel.swift; sourceTree = "<group>"; };
		09748E7129C45A55003FA7A1 /* HomeView.swift */ = {isa = PBXFileReference; lastKnownFileType = sourcecode.swift; path = HomeView.swift; sourceTree = "<group>"; };
		09748E7329C46CC6003FA7A1 /* SharedNotesView.swift */ = {isa = PBXFileReference; lastKnownFileType = sourcecode.swift; path = SharedNotesView.swift; sourceTree = "<group>"; };
		09748E7529C46CD7003FA7A1 /* PrivateNotesView.swift */ = {isa = PBXFileReference; lastKnownFileType = sourcecode.swift; path = PrivateNotesView.swift; sourceTree = "<group>"; };
		09748E7A29C46D98003FA7A1 /* NotesViewModel.swift */ = {isa = PBXFileReference; lastKnownFileType = sourcecode.swift; path = NotesViewModel.swift; sourceTree = "<group>"; };
		0994264C29C4A807007696F3 /* NoteView.swift */ = {isa = PBXFileReference; lastKnownFileType = sourcecode.swift; path = NoteView.swift; sourceTree = "<group>"; };
		0994264E29C4B161007696F3 /* SignInView.swift */ = {isa = PBXFileReference; lastKnownFileType = sourcecode.swift; path = SignInView.swift; sourceTree = "<group>"; };
		0994265429C4B755007696F3 /* NotesModel.swift */ = {isa = PBXFileReference; lastKnownFileType = sourcecode.swift; path = NotesModel.swift; sourceTree = "<group>"; };
		0994265729C4BA30007696F3 /* UserModel.swift */ = {isa = PBXFileReference; lastKnownFileType = sourcecode.swift; path = UserModel.swift; sourceTree = "<group>"; };
		0994265A29C51AC1007696F3 /* GoogleService-Info.plist */ = {isa = PBXFileReference; fileEncoding = 4; lastKnownFileType = text.plist.xml; path = "GoogleService-Info.plist"; sourceTree = "<group>"; };
		0994265C29C51BD2007696F3 /* AddNoteView.swift */ = {isa = PBXFileReference; lastKnownFileType = sourcecode.swift; path = AddNoteView.swift; sourceTree = "<group>"; };
/* End PBXFileReference section */

/* Begin PBXFrameworksBuildPhase section */
		09748E4C29C242E6003FA7A1 /* Frameworks */ = {
			isa = PBXFrameworksBuildPhase;
			buildActionMask = 2147483647;
			files = (
				09748E6829C320D0003FA7A1 /* FirebaseAnalytics in Frameworks */,
				09748E6E29C320D0003FA7A1 /* FirebaseStorage in Frameworks */,
				09748E6A29C320D0003FA7A1 /* FirebaseAuth in Frameworks */,
				09748E6C29C320D0003FA7A1 /* FirebaseFirestore in Frameworks */,
			);
			runOnlyForDeploymentPostprocessing = 0;
		};
/* End PBXFrameworksBuildPhase section */

/* Begin PBXGroup section */
		09748E4629C242E6003FA7A1 = {
			isa = PBXGroup;
			children = (
				09748E5129C242E6003FA7A1 /* Notify */,
				09748E5029C242E6003FA7A1 /* Products */,
			);
			sourceTree = "<group>";
		};
		09748E5029C242E6003FA7A1 /* Products */ = {
			isa = PBXGroup;
			children = (
				09748E4F29C242E6003FA7A1 /* Notify.app */,
			);
			name = Products;
			sourceTree = "<group>";
		};
		09748E5129C242E6003FA7A1 /* Notify */ = {
			isa = PBXGroup;
			children = (
				09748E5229C242E6003FA7A1 /* NotifyApp.swift */,
				09748E5429C242E6003FA7A1 /* ContentView.swift */,
				0994265929C4BA44007696F3 /* Models */,
				0994265629C4B769007696F3 /* View Models */,
				09748E7729C46D12003FA7A1 /* Views */,
				09748E5629C242E7003FA7A1 /* Assets.xcassets */,
				0994265A29C51AC1007696F3 /* GoogleService-Info.plist */,
				09748E5829C242E7003FA7A1 /* Preview Content */,
			);
			path = Notify;
			sourceTree = "<group>";
		};
		09748E5829C242E7003FA7A1 /* Preview Content */ = {
			isa = PBXGroup;
			children = (
				09748E5929C242E7003FA7A1 /* Preview Assets.xcassets */,
			);
			path = "Preview Content";
			sourceTree = "<group>";
		};
		09748E7729C46D12003FA7A1 /* Views */ = {
			isa = PBXGroup;
			children = (
				0994265029C4B660007696F3 /* Auth Views */,
				09748E7129C45A55003FA7A1 /* HomeView.swift */,
				0994265129C4B680007696F3 /* Notes Views */,
			);
			path = Views;
			sourceTree = "<group>";
		};
		0994265029C4B660007696F3 /* Auth Views */ = {
			isa = PBXGroup;
			children = (
				0994264E29C4B161007696F3 /* SignInView.swift */,
				09748E6229C25BBD003FA7A1 /* SignUpView.swift */,
			);
			path = "Auth Views";
			sourceTree = "<group>";
		};
		0994265129C4B680007696F3 /* Notes Views */ = {
			isa = PBXGroup;
			children = (
				09748E7329C46CC6003FA7A1 /* SharedNotesView.swift */,
				09748E7529C46CD7003FA7A1 /* PrivateNotesView.swift */,
				0994264C29C4A807007696F3 /* NoteView.swift */,
				0994265C29C51BD2007696F3 /* AddNoteView.swift */,
			);
			path = "Notes Views";
			sourceTree = "<group>";
		};
		0994265629C4B769007696F3 /* View Models */ = {
			isa = PBXGroup;
			children = (
				09748E6F29C327B0003FA7A1 /* AuthViewModel.swift */,
				09748E7A29C46D98003FA7A1 /* NotesViewModel.swift */,
			);
			path = "View Models";
			sourceTree = "<group>";
		};
		0994265929C4BA44007696F3 /* Models */ = {
			isa = PBXGroup;
			children = (
				0994265729C4BA30007696F3 /* UserModel.swift */,
				0994265429C4B755007696F3 /* NotesModel.swift */,
			);
			path = Models;
			sourceTree = "<group>";
		};
/* End PBXGroup section */

/* Begin PBXNativeTarget section */
		09748E4E29C242E6003FA7A1 /* Notify */ = {
			isa = PBXNativeTarget;
			buildConfigurationList = 09748E5D29C242E7003FA7A1 /* Build configuration list for PBXNativeTarget "Notify" */;
			buildPhases = (
				09748E4B29C242E6003FA7A1 /* Sources */,
				09748E4C29C242E6003FA7A1 /* Frameworks */,
				09748E4D29C242E6003FA7A1 /* Resources */,
			);
			buildRules = (
			);
			dependencies = (
			);
			name = Notify;
			packageProductDependencies = (
				09748E6729C320D0003FA7A1 /* FirebaseAnalytics */,
				09748E6929C320D0003FA7A1 /* FirebaseAuth */,
				09748E6B29C320D0003FA7A1 /* FirebaseFirestore */,
				09748E6D29C320D0003FA7A1 /* FirebaseStorage */,
			);
			productName = Notify;
			productReference = 09748E4F29C242E6003FA7A1 /* Notify.app */;
			productType = "com.apple.product-type.application";
		};
/* End PBXNativeTarget section */

/* Begin PBXProject section */
		09748E4729C242E6003FA7A1 /* Project object */ = {
			isa = PBXProject;
			attributes = {
				BuildIndependentTargetsInParallel = 1;
				LastSwiftUpdateCheck = 1420;
				LastUpgradeCheck = 1420;
				TargetAttributes = {
					09748E4E29C242E6003FA7A1 = {
						CreatedOnToolsVersion = 14.2;
					};
				};
			};
			buildConfigurationList = 09748E4A29C242E6003FA7A1 /* Build configuration list for PBXProject "Notify" */;
			compatibilityVersion = "Xcode 14.0";
			developmentRegion = en;
			hasScannedForEncodings = 0;
			knownRegions = (
				en,
				Base,
			);
			mainGroup = 09748E4629C242E6003FA7A1;
			packageReferences = (
				09748E6629C320D0003FA7A1 /* XCRemoteSwiftPackageReference "firebase-ios-sdk" */,
			);
			productRefGroup = 09748E5029C242E6003FA7A1 /* Products */;
			projectDirPath = "";
			projectRoot = "";
			targets = (
				09748E4E29C242E6003FA7A1 /* Notify */,
			);
		};
/* End PBXProject section */

/* Begin PBXResourcesBuildPhase section */
		09748E4D29C242E6003FA7A1 /* Resources */ = {
			isa = PBXResourcesBuildPhase;
			buildActionMask = 2147483647;
			files = (
				09748E5A29C242E7003FA7A1 /* Preview Assets.xcassets in Resources */,
				09748E5729C242E7003FA7A1 /* Assets.xcassets in Resources */,
				0994265B29C51AC1007696F3 /* GoogleService-Info.plist in Resources */,
			);
			runOnlyForDeploymentPostprocessing = 0;
		};
/* End PBXResourcesBuildPhase section */

/* Begin PBXSourcesBuildPhase section */
		09748E4B29C242E6003FA7A1 /* Sources */ = {
			isa = PBXSourcesBuildPhase;
			buildActionMask = 2147483647;
			files = (
				09748E5529C242E6003FA7A1 /* ContentView.swift in Sources */,
				09748E7429C46CC6003FA7A1 /* SharedNotesView.swift in Sources */,
				0994265529C4B755007696F3 /* NotesModel.swift in Sources */,
				09748E5329C242E6003FA7A1 /* NotifyApp.swift in Sources */,
				0994265D29C51BD2007696F3 /* AddNoteView.swift in Sources */,
				09748E7B29C46D98003FA7A1 /* NotesViewModel.swift in Sources */,
				0994264F29C4B161007696F3 /* SignInView.swift in Sources */,
				09748E7629C46CD7003FA7A1 /* PrivateNotesView.swift in Sources */,
				09748E7029C327B0003FA7A1 /* AuthViewModel.swift in Sources */,
				09748E7229C45A55003FA7A1 /* HomeView.swift in Sources */,
				09748E6329C25BBD003FA7A1 /* SignUpView.swift in Sources */,
				0994265829C4BA30007696F3 /* UserModel.swift in Sources */,
				0994264D29C4A807007696F3 /* NoteView.swift in Sources */,
			);
			runOnlyForDeploymentPostprocessing = 0;
		};
/* End PBXSourcesBuildPhase section */

/* Begin XCBuildConfiguration section */
		09748E5B29C242E7003FA7A1 /* Debug */ = {
			isa = XCBuildConfiguration;
			buildSettings = {
				ALWAYS_SEARCH_USER_PATHS = NO;
				CLANG_ANALYZER_NONNULL = YES;
				CLANG_ANALYZER_NUMBER_OBJECT_CONVERSION = YES_AGGRESSIVE;
				CLANG_CXX_LANGUAGE_STANDARD = "gnu++20";
				CLANG_ENABLE_MODULES = YES;
				CLANG_ENABLE_OBJC_ARC = YES;
				CLANG_ENABLE_OBJC_WEAK = YES;
				CLANG_WARN_BLOCK_CAPTURE_AUTORELEASING = YES;
				CLANG_WARN_BOOL_CONVERSION = YES;
				CLANG_WARN_COMMA = YES;
				CLANG_WARN_CONSTANT_CONVERSION = YES;
				CLANG_WARN_DEPRECATED_OBJC_IMPLEMENTATIONS = YES;
				CLANG_WARN_DIRECT_OBJC_ISA_USAGE = YES_ERROR;
				CLANG_WARN_DOCUMENTATION_COMMENTS = YES;
				CLANG_WARN_EMPTY_BODY = YES;
				CLANG_WARN_ENUM_CONVERSION = YES;
				CLANG_WARN_INFINITE_RECURSION = YES;
				CLANG_WARN_INT_CONVERSION = YES;
				CLANG_WARN_NON_LITERAL_NULL_CONVERSION = YES;
				CLANG_WARN_OBJC_IMPLICIT_RETAIN_SELF = YES;
				CLANG_WARN_OBJC_LITERAL_CONVERSION = YES;
				CLANG_WARN_OBJC_ROOT_CLASS = YES_ERROR;
				CLANG_WARN_QUOTED_INCLUDE_IN_FRAMEWORK_HEADER = YES;
				CLANG_WARN_RANGE_LOOP_ANALYSIS = YES;
				CLANG_WARN_STRICT_PROTOTYPES = YES;
				CLANG_WARN_SUSPICIOUS_MOVE = YES;
				CLANG_WARN_UNGUARDED_AVAILABILITY = YES_AGGRESSIVE;
				CLANG_WARN_UNREACHABLE_CODE = YES;
				CLANG_WARN__DUPLICATE_METHOD_MATCH = YES;
				COPY_PHASE_STRIP = NO;
				DEBUG_INFORMATION_FORMAT = dwarf;
				ENABLE_STRICT_OBJC_MSGSEND = YES;
				ENABLE_TESTABILITY = YES;
				GCC_C_LANGUAGE_STANDARD = gnu11;
				GCC_DYNAMIC_NO_PIC = NO;
				GCC_NO_COMMON_BLOCKS = YES;
				GCC_OPTIMIZATION_LEVEL = 0;
				GCC_PREPROCESSOR_DEFINITIONS = (
					"DEBUG=1",
					"$(inherited)",
				);
				GCC_WARN_64_TO_32_BIT_CONVERSION = YES;
				GCC_WARN_ABOUT_RETURN_TYPE = YES_ERROR;
				GCC_WARN_UNDECLARED_SELECTOR = YES;
				GCC_WARN_UNINITIALIZED_AUTOS = YES_AGGRESSIVE;
				GCC_WARN_UNUSED_FUNCTION = YES;
				GCC_WARN_UNUSED_VARIABLE = YES;
				IPHONEOS_DEPLOYMENT_TARGET = 16.2;
				MTL_ENABLE_DEBUG_INFO = INCLUDE_SOURCE;
				MTL_FAST_MATH = YES;
				ONLY_ACTIVE_ARCH = YES;
				SDKROOT = iphoneos;
				SWIFT_ACTIVE_COMPILATION_CONDITIONS = DEBUG;
				SWIFT_OPTIMIZATION_LEVEL = "-Onone";
			};
			name = Debug;
		};
		09748E5C29C242E7003FA7A1 /* Release */ = {
			isa = XCBuildConfiguration;
			buildSettings = {
				ALWAYS_SEARCH_USER_PATHS = NO;
				CLANG_ANALYZER_NONNULL = YES;
				CLANG_ANALYZER_NUMBER_OBJECT_CONVERSION = YES_AGGRESSIVE;
				CLANG_CXX_LANGUAGE_STANDARD = "gnu++20";
				CLANG_ENABLE_MODULES = YES;
				CLANG_ENABLE_OBJC_ARC = YES;
				CLANG_ENABLE_OBJC_WEAK = YES;
				CLANG_WARN_BLOCK_CAPTURE_AUTORELEASING = YES;
				CLANG_WARN_BOOL_CONVERSION = YES;
				CLANG_WARN_COMMA = YES;
				CLANG_WARN_CONSTANT_CONVERSION = YES;
				CLANG_WARN_DEPRECATED_OBJC_IMPLEMENTATIONS = YES;
				CLANG_WARN_DIRECT_OBJC_ISA_USAGE = YES_ERROR;
				CLANG_WARN_DOCUMENTATION_COMMENTS = YES;
				CLANG_WARN_EMPTY_BODY = YES;
				CLANG_WARN_ENUM_CONVERSION = YES;
				CLANG_WARN_INFINITE_RECURSION = YES;
				CLANG_WARN_INT_CONVERSION = YES;
				CLANG_WARN_NON_LITERAL_NULL_CONVERSION = YES;
				CLANG_WARN_OBJC_IMPLICIT_RETAIN_SELF = YES;
				CLANG_WARN_OBJC_LITERAL_CONVERSION = YES;
				CLANG_WARN_OBJC_ROOT_CLASS = YES_ERROR;
				CLANG_WARN_QUOTED_INCLUDE_IN_FRAMEWORK_HEADER = YES;
				CLANG_WARN_RANGE_LOOP_ANALYSIS = YES;
				CLANG_WARN_STRICT_PROTOTYPES = YES;
				CLANG_WARN_SUSPICIOUS_MOVE = YES;
				CLANG_WARN_UNGUARDED_AVAILABILITY = YES_AGGRESSIVE;
				CLANG_WARN_UNREACHABLE_CODE = YES;
				CLANG_WARN__DUPLICATE_METHOD_MATCH = YES;
				COPY_PHASE_STRIP = NO;
				DEBUG_INFORMATION_FORMAT = "dwarf-with-dsym";
				ENABLE_NS_ASSERTIONS = NO;
				ENABLE_STRICT_OBJC_MSGSEND = YES;
				GCC_C_LANGUAGE_STANDARD = gnu11;
				GCC_NO_COMMON_BLOCKS = YES;
				GCC_WARN_64_TO_32_BIT_CONVERSION = YES;
				GCC_WARN_ABOUT_RETURN_TYPE = YES_ERROR;
				GCC_WARN_UNDECLARED_SELECTOR = YES;
				GCC_WARN_UNINITIALIZED_AUTOS = YES_AGGRESSIVE;
				GCC_WARN_UNUSED_FUNCTION = YES;
				GCC_WARN_UNUSED_VARIABLE = YES;
				IPHONEOS_DEPLOYMENT_TARGET = 16.2;
				MTL_ENABLE_DEBUG_INFO = NO;
				MTL_FAST_MATH = YES;
				SDKROOT = iphoneos;
				SWIFT_COMPILATION_MODE = wholemodule;
				SWIFT_OPTIMIZATION_LEVEL = "-O";
				VALIDATE_PRODUCT = YES;
			};
			name = Release;
		};
		09748E5E29C242E7003FA7A1 /* Debug */ = {
			isa = XCBuildConfiguration;
			buildSettings = {
				ASSETCATALOG_COMPILER_APPICON_NAME = AppIcon;
				ASSETCATALOG_COMPILER_GLOBAL_ACCENT_COLOR_NAME = AccentColor;
				CODE_SIGN_STYLE = Automatic;
				CURRENT_PROJECT_VERSION = 1;
				DEVELOPMENT_ASSET_PATHS = "\"Notify/Preview Content\"";
				DEVELOPMENT_TEAM = E9869BJ568;
				ENABLE_PREVIEWS = YES;
				GENERATE_INFOPLIST_FILE = YES;
				INFOPLIST_KEY_UIApplicationSceneManifest_Generation = YES;
				INFOPLIST_KEY_UIApplicationSupportsIndirectInputEvents = YES;
				INFOPLIST_KEY_UILaunchScreen_Generation = YES;
				INFOPLIST_KEY_UISupportedInterfaceOrientations_iPad = "UIInterfaceOrientationPortrait UIInterfaceOrientationPortraitUpsideDown UIInterfaceOrientationLandscapeLeft UIInterfaceOrientationLandscapeRight";
				INFOPLIST_KEY_UISupportedInterfaceOrientations_iPhone = "UIInterfaceOrientationPortrait UIInterfaceOrientationLandscapeLeft UIInterfaceOrientationLandscapeRight";
				LD_RUNPATH_SEARCH_PATHS = (
					"$(inherited)",
					"@executable_path/Frameworks",
				);
				MARKETING_VERSION = 1.0;
				PRODUCT_BUNDLE_IDENTIFIER = com.gauravganju.Notify;
				PRODUCT_NAME = "$(TARGET_NAME)";
				SWIFT_EMIT_LOC_STRINGS = YES;
				SWIFT_VERSION = 5.0;
				TARGETED_DEVICE_FAMILY = "1,2";
			};
			name = Debug;
		};
		09748E5F29C242E7003FA7A1 /* Release */ = {
			isa = XCBuildConfiguration;
			buildSettings = {
				ASSETCATALOG_COMPILER_APPICON_NAME = AppIcon;
				ASSETCATALOG_COMPILER_GLOBAL_ACCENT_COLOR_NAME = AccentColor;
				CODE_SIGN_STYLE = Automatic;
				CURRENT_PROJECT_VERSION = 1;
				DEVELOPMENT_ASSET_PATHS = "\"Notify/Preview Content\"";
				DEVELOPMENT_TEAM = E9869BJ568;
				ENABLE_PREVIEWS = YES;
				GENERATE_INFOPLIST_FILE = YES;
				INFOPLIST_KEY_UIApplicationSceneManifest_Generation = YES;
				INFOPLIST_KEY_UIApplicationSupportsIndirectInputEvents = YES;
				INFOPLIST_KEY_UILaunchScreen_Generation = YES;
				INFOPLIST_KEY_UISupportedInterfaceOrientations_iPad = "UIInterfaceOrientationPortrait UIInterfaceOrientationPortraitUpsideDown UIInterfaceOrientationLandscapeLeft UIInterfaceOrientationLandscapeRight";
				INFOPLIST_KEY_UISupportedInterfaceOrientations_iPhone = "UIInterfaceOrientationPortrait UIInterfaceOrientationLandscapeLeft UIInterfaceOrientationLandscapeRight";
				LD_RUNPATH_SEARCH_PATHS = (
					"$(inherited)",
					"@executable_path/Frameworks",
				);
				MARKETING_VERSION = 1.0;
				PRODUCT_BUNDLE_IDENTIFIER = com.gauravganju.Notify;
				PRODUCT_NAME = "$(TARGET_NAME)";
				SWIFT_EMIT_LOC_STRINGS = YES;
				SWIFT_VERSION = 5.0;
				TARGETED_DEVICE_FAMILY = "1,2";
			};
			name = Release;
		};
/* End XCBuildConfiguration section */

/* Begin XCConfigurationList section */
		09748E4A29C242E6003FA7A1 /* Build configuration list for PBXProject "Notify" */ = {
			isa = XCConfigurationList;
			buildConfigurations = (
				09748E5B29C242E7003FA7A1 /* Debug */,
				09748E5C29C242E7003FA7A1 /* Release */,
			);
			defaultConfigurationIsVisible = 0;
			defaultConfigurationName = Release;
		};
		09748E5D29C242E7003FA7A1 /* Build configuration list for PBXNativeTarget "Notify" */ = {
			isa = XCConfigurationList;
			buildConfigurations = (
				09748E5E29C242E7003FA7A1 /* Debug */,
				09748E5F29C242E7003FA7A1 /* Release */,
			);
			defaultConfigurationIsVisible = 0;
			defaultConfigurationName = Release;
		};
/* End XCConfigurationList section */

/* Begin XCRemoteSwiftPackageReference section */
		09748E6629C320D0003FA7A1 /* XCRemoteSwiftPackageReference "firebase-ios-sdk" */ = {
			isa = XCRemoteSwiftPackageReference;
			repositoryURL = "https://github.com/firebase/firebase-ios-sdk";
			requirement = {
				kind = upToNextMajorVersion;
				minimumVersion = 9.0.0;
			};
		};
/* End XCRemoteSwiftPackageReference section */

/* Begin XCSwiftPackageProductDependency section */
		09748E6729C320D0003FA7A1 /* FirebaseAnalytics */ = {
			isa = XCSwiftPackageProductDependency;
			package = 09748E6629C320D0003FA7A1 /* XCRemoteSwiftPackageReference "firebase-ios-sdk" */;
			productName = FirebaseAnalytics;
		};
		09748E6929C320D0003FA7A1 /* FirebaseAuth */ = {
			isa = XCSwiftPackageProductDependency;
			package = 09748E6629C320D0003FA7A1 /* XCRemoteSwiftPackageReference "firebase-ios-sdk" */;
			productName = FirebaseAuth;
		};
		09748E6B29C320D0003FA7A1 /* FirebaseFirestore */ = {
			isa = XCSwiftPackageProductDependency;
			package = 09748E6629C320D0003FA7A1 /* XCRemoteSwiftPackageReference "firebase-ios-sdk" */;
			productName = FirebaseFirestore;
		};
		09748E6D29C320D0003FA7A1 /* FirebaseStorage */ = {
			isa = XCSwiftPackageProductDependency;
			package = 09748E6629C320D0003FA7A1 /* XCRemoteSwiftPackageReference "firebase-ios-sdk" */;
			productName = FirebaseStorage;
		};
/* End XCSwiftPackageProductDependency section */
	};
	rootObject = 09748E4729C242E6003FA7A1 /* Project object */;
}
